
Microsoft Visual Studio Solution File, Format Version 12.00
# Visual Studio 2015
Project("{FAE04EC0-301F-11D3-BF4B-00C04F79EFBC}") = "Online Testing Scene", "Online Testing Scene.csproj", "{843BC736-5AA5-5950-5B20-DF161242451A}"
EndProject
Project("{FAE04EC0-301F-11D3-BF4B-00C04F79EFBC}") = "Online Testing Scene.Editor", "Online Testing Scene.Editor.csproj", "{FAB3DCB2-E68F-32D8-29C5-510348DF4508}"
EndProject
Global
	GlobalSection(SolutionConfigurationPlatforms) = preSolution
		Debug|Any CPU = Debug|Any CPU
		Release|Any CPU = Release|Any CPU
	EndGlobalSection
	GlobalSection(ProjectConfigurationPlatforms) = postSolution
		{843BC736-5AA5-5950-5B20-DF161242451A}.Debug|Any CPU.ActiveCfg = Debug|Any CPU
		{843BC736-5AA5-5950-5B20-DF161242451A}.Debug|Any CPU.Build.0 = Debug|Any CPU
		{843BC736-5AA5-5950-5B20-DF161242451A}.Release|Any CPU.ActiveCfg = Release|Any CPU
		{843BC736-5AA5-5950-5B20-DF161242451A}.Release|Any CPU.Build.0 = Release|Any CPU
		{FAB3DCB2-E68F-32D8-29C5-510348DF4508}.Debug|Any CPU.ActiveCfg = Debug|Any CPU
		{FAB3DCB2-E68F-32D8-29C5-510348DF4508}.Debug|Any CPU.Build.0 = Debug|Any CPU
		{FAB3DCB2-E68F-32D8-29C5-510348DF4508}.Release|Any CPU.ActiveCfg = Release|Any CPU
		{FAB3DCB2-E68F-32D8-29C5-510348DF4508}.Release|Any CPU.Build.0 = Release|Any CPU
	EndGlobalSection
	GlobalSection(SolutionProperties) = preSolution
		HideSolutionNode = FALSE
	EndGlobalSection
EndGlobal
